
Microsoft Visual Studio Solution File, Format Version 12.00
# Visual Studio Version 17
VisualStudioVersion = 17.0.31912.275
MinimumVisualStudioVersion = 10.0.40219.1
Project("{9A19103F-16F7-4668-BE54-9A1E7A4F7556}") = "ConsoleLancering", "ConsoleLancering\ConsoleLancering.csproj", "{98596ED3-63D1-419D-9581-52D1FACE9F9D}"
EndProject
Project("{9A19103F-16F7-4668-BE54-9A1E7A4F7556}") = "ConsoleRaden", "ConsoleRaden\ConsoleRaden.csproj", "{5B97FF1C-17B1-4DF6-92EF-71D0694C0619}"
EndProject
Project("{9A19103F-16F7-4668-BE54-9A1E7A4F7556}") = "ConsoleOnderBoven", "ConsoleOnderBoven\ConsoleOnderBoven.csproj", "{E3733DC4-549F-44E7-9C8A-B6F6762DEB9F}"
EndProject
Project("{9A19103F-16F7-4668-BE54-9A1E7A4F7556}") = "ConsoleSom", "ConsoleSom\ConsoleSom.csproj", "{7AD213AC-40F8-4A53-B8DE-5CBF9CDB50A6}"
EndProject
Project("{9A19103F-16F7-4668-BE54-9A1E7A4F7556}") = "ConsoleBankautomaat", "ConsoleBankautomaat\ConsoleBankautomaat.csproj", "{2096BB0A-819B-4838-830C-A0591E1BE3FC}"
EndProject
Project("{9A19103F-16F7-4668-BE54-9A1E7A4F7556}") = "WpfPriemgetal", "WpfPriemgetal\WpfPriemgetal.csproj", "{C8EE1682-4DD6-4583-AA06-0514693E4B9D}"
EndProject
Project("{9A19103F-16F7-4668-BE54-9A1E7A4F7556}") = "ConsoleKlinkers", "ConsoleKlinkers\ConsoleKlinkers.csproj", "{CF55A064-AF77-46DD-85B7-1BA1CCA7FE17}"
EndProject
Project("{9A19103F-16F7-4668-BE54-9A1E7A4F7556}") = "WpfBoodschappenlijst", "WpfBoodschappenlijst\WpfBoodschappenlijst.csproj", "{30B2F8D4-8F9B-419B-BA51-4FDFC27AB71A}"
EndProject
Global
	GlobalSection(SolutionConfigurationPlatforms) = preSolution
		Debug|Any CPU = Debug|Any CPU
		Release|Any CPU = Release|Any CPU
	EndGlobalSection
	GlobalSection(ProjectConfigurationPlatforms) = postSolution
		{98596ED3-63D1-419D-9581-52D1FACE9F9D}.Debug|Any CPU.ActiveCfg = Debug|Any CPU
		{98596ED3-63D1-419D-9581-52D1FACE9F9D}.Debug|Any CPU.Build.0 = Debug|Any CPU
		{98596ED3-63D1-419D-9581-52D1FACE9F9D}.Release|Any CPU.ActiveCfg = Release|Any CPU
		{98596ED3-63D1-419D-9581-52D1FACE9F9D}.Release|Any CPU.Build.0 = Release|Any CPU
		{5B97FF1C-17B1-4DF6-92EF-71D0694C0619}.Debug|Any CPU.ActiveCfg = Debug|Any CPU
		{5B97FF1C-17B1-4DF6-92EF-71D0694C0619}.Debug|Any CPU.Build.0 = Debug|Any CPU
		{5B97FF1C-17B1-4DF6-92EF-71D0694C0619}.Release|Any CPU.ActiveCfg = Release|Any CPU
		{5B97FF1C-17B1-4DF6-92EF-71D0694C0619}.Release|Any CPU.Build.0 = Release|Any CPU
		{E3733DC4-549F-44E7-9C8A-B6F6762DEB9F}.Debug|Any CPU.ActiveCfg = Debug|Any CPU
		{E3733DC4-549F-44E7-9C8A-B6F6762DEB9F}.Debug|Any CPU.Build.0 = Debug|Any CPU
		{E3733DC4-549F-44E7-9C8A-B6F6762DEB9F}.Release|Any CPU.ActiveCfg = Release|Any CPU
		{E3733DC4-549F-44E7-9C8A-B6F6762DEB9F}.Release|Any CPU.Build.0 = Release|Any CPU
		{7AD213AC-40F8-4A53-B8DE-5CBF9CDB50A6}.Debug|Any CPU.ActiveCfg = Debug|Any CPU
		{7AD213AC-40F8-4A53-B8DE-5CBF9CDB50A6}.Debug|Any CPU.Build.0 = Debug|Any CPU
		{7AD213AC-40F8-4A53-B8DE-5CBF9CDB50A6}.Release|Any CPU.ActiveCfg = Release|Any CPU
		{7AD213AC-40F8-4A53-B8DE-5CBF9CDB50A6}.Release|Any CPU.Build.0 = Release|Any CPU
		{2096BB0A-819B-4838-830C-A0591E1BE3FC}.Debug|Any CPU.ActiveCfg = Debug|Any CPU
		{2096BB0A-819B-4838-830C-A0591E1BE3FC}.Debug|Any CPU.Build.0 = Debug|Any CPU
		{2096BB0A-819B-4838-830C-A0591E1BE3FC}.Release|Any CPU.ActiveCfg = Release|Any CPU
		{2096BB0A-819B-4838-830C-A0591E1BE3FC}.Release|Any CPU.Build.0 = Release|Any CPU
		{C8EE1682-4DD6-4583-AA06-0514693E4B9D}.Debug|Any CPU.ActiveCfg = Debug|Any CPU
		{C8EE1682-4DD6-4583-AA06-0514693E4B9D}.Debug|Any CPU.Build.0 = Debug|Any CPU
		{C8EE1682-4DD6-4583-AA06-0514693E4B9D}.Release|Any CPU.ActiveCfg = Release|Any CPU
		{C8EE1682-4DD6-4583-AA06-0514693E4B9D}.Release|Any CPU.Build.0 = Release|Any CPU
		{CF55A064-AF77-46DD-85B7-1BA1CCA7FE17}.Debug|Any CPU.ActiveCfg = Debug|Any CPU
		{CF55A064-AF77-46DD-85B7-1BA1CCA7FE17}.Debug|Any CPU.Build.0 = Debug|Any CPU
		{CF55A064-AF77-46DD-85B7-1BA1CCA7FE17}.Release|Any CPU.ActiveCfg = Release|Any CPU
		{CF55A064-AF77-46DD-85B7-1BA1CCA7FE17}.Release|Any CPU.Build.0 = Release|Any CPU
		{30B2F8D4-8F9B-419B-BA51-4FDFC27AB71A}.Debug|Any CPU.ActiveCfg = Debug|Any CPU
		{30B2F8D4-8F9B-419B-BA51-4FDFC27AB71A}.Debug|Any CPU.Build.0 = Debug|Any CPU
		{30B2F8D4-8F9B-419B-BA51-4FDFC27AB71A}.Release|Any CPU.ActiveCfg = Release|Any CPU
		{30B2F8D4-8F9B-419B-BA51-4FDFC27AB71A}.Release|Any CPU.Build.0 = Release|Any CPU
	EndGlobalSection
	GlobalSection(SolutionProperties) = preSolution
		HideSolutionNode = FALSE
	EndGlobalSection
	GlobalSection(ExtensibilityGlobals) = postSolution
		SolutionGuid = {EAC80E8A-9809-423D-AB49-3952E9A8F795}
	EndGlobalSection
EndGlobal
