
Microsoft Visual Studio Solution File, Format Version 12.00
# Visual Studio Version 17
VisualStudioVersion = 17.0.31912.275
MinimumVisualStudioVersion = 10.0.40219.1
Project("{9A19103F-16F7-4668-BE54-9A1E7A4F7556}") = "ConsoleBMI", "ConsoleBMI\ConsoleBMI.csproj", "{EB3B7A3A-7927-43AC-96F7-761E176E85C1}"
EndProject
Project("{9A19103F-16F7-4668-BE54-9A1E7A4F7556}") = "WpfBMI", "WpfBMI\WpfBMI.csproj", "{00B40FFB-5EBB-4E86-8076-FF6B674577B3}"
EndProject
Project("{9A19103F-16F7-4668-BE54-9A1E7A4F7556}") = "ConsoleKarakter", "ConsoleKarakter\ConsoleKarakter.csproj", "{12A2BB7B-7CF0-45D7-91A6-8977D5F49B30}"
EndProject
Project("{9A19103F-16F7-4668-BE54-9A1E7A4F7556}") = "ConsoleHms", "ConsoleHms\ConsoleHms.csproj", "{6D168C0D-CC64-4858-A279-B4009E0459C4}"
EndProject
Project("{9A19103F-16F7-4668-BE54-9A1E7A4F7556}") = "WpfWinkel", "WpfWinkel\WpfWinkel.csproj", "{F4F26658-DB0C-480D-8362-D5933EE48C58}"
EndProject
Project("{9A19103F-16F7-4668-BE54-9A1E7A4F7556}") = "WpfAlcohol", "WpfAlcohol\WpfAlcohol.csproj", "{8BF5FE13-BB5F-4727-A216-EBB96FF7557E}"
EndProject
Project("{9A19103F-16F7-4668-BE54-9A1E7A4F7556}") = "WpfCalculator", "WpfCalculator\WpfCalculator.csproj", "{0AE5D3DF-FC34-4F12-B5A7-721F6AF819BF}"
EndProject
Project("{9A19103F-16F7-4668-BE54-9A1E7A4F7556}") = "WpfInterest", "WpfInterest\WpfInterest.csproj", "{A18FDB2D-4834-497D-A5A5-CD75CFF7BB4A}"
EndProject
Global
	GlobalSection(SolutionConfigurationPlatforms) = preSolution
		Debug|Any CPU = Debug|Any CPU
		Release|Any CPU = Release|Any CPU
	EndGlobalSection
	GlobalSection(ProjectConfigurationPlatforms) = postSolution
		{EB3B7A3A-7927-43AC-96F7-761E176E85C1}.Debug|Any CPU.ActiveCfg = Debug|Any CPU
		{EB3B7A3A-7927-43AC-96F7-761E176E85C1}.Debug|Any CPU.Build.0 = Debug|Any CPU
		{EB3B7A3A-7927-43AC-96F7-761E176E85C1}.Release|Any CPU.ActiveCfg = Release|Any CPU
		{EB3B7A3A-7927-43AC-96F7-761E176E85C1}.Release|Any CPU.Build.0 = Release|Any CPU
		{00B40FFB-5EBB-4E86-8076-FF6B674577B3}.Debug|Any CPU.ActiveCfg = Debug|Any CPU
		{00B40FFB-5EBB-4E86-8076-FF6B674577B3}.Debug|Any CPU.Build.0 = Debug|Any CPU
		{00B40FFB-5EBB-4E86-8076-FF6B674577B3}.Release|Any CPU.ActiveCfg = Release|Any CPU
		{00B40FFB-5EBB-4E86-8076-FF6B674577B3}.Release|Any CPU.Build.0 = Release|Any CPU
		{12A2BB7B-7CF0-45D7-91A6-8977D5F49B30}.Debug|Any CPU.ActiveCfg = Debug|Any CPU
		{12A2BB7B-7CF0-45D7-91A6-8977D5F49B30}.Debug|Any CPU.Build.0 = Debug|Any CPU
		{12A2BB7B-7CF0-45D7-91A6-8977D5F49B30}.Release|Any CPU.ActiveCfg = Release|Any CPU
		{12A2BB7B-7CF0-45D7-91A6-8977D5F49B30}.Release|Any CPU.Build.0 = Release|Any CPU
		{6D168C0D-CC64-4858-A279-B4009E0459C4}.Debug|Any CPU.ActiveCfg = Debug|Any CPU
		{6D168C0D-CC64-4858-A279-B4009E0459C4}.Debug|Any CPU.Build.0 = Debug|Any CPU
		{6D168C0D-CC64-4858-A279-B4009E0459C4}.Release|Any CPU.ActiveCfg = Release|Any CPU
		{6D168C0D-CC64-4858-A279-B4009E0459C4}.Release|Any CPU.Build.0 = Release|Any CPU
		{F4F26658-DB0C-480D-8362-D5933EE48C58}.Debug|Any CPU.ActiveCfg = Debug|Any CPU
		{F4F26658-DB0C-480D-8362-D5933EE48C58}.Debug|Any CPU.Build.0 = Debug|Any CPU
		{F4F26658-DB0C-480D-8362-D5933EE48C58}.Release|Any CPU.ActiveCfg = Release|Any CPU
		{F4F26658-DB0C-480D-8362-D5933EE48C58}.Release|Any CPU.Build.0 = Release|Any CPU
		{8BF5FE13-BB5F-4727-A216-EBB96FF7557E}.Debug|Any CPU.ActiveCfg = Debug|Any CPU
		{8BF5FE13-BB5F-4727-A216-EBB96FF7557E}.Debug|Any CPU.Build.0 = Debug|Any CPU
		{8BF5FE13-BB5F-4727-A216-EBB96FF7557E}.Release|Any CPU.ActiveCfg = Release|Any CPU
		{8BF5FE13-BB5F-4727-A216-EBB96FF7557E}.Release|Any CPU.Build.0 = Release|Any CPU
		{0AE5D3DF-FC34-4F12-B5A7-721F6AF819BF}.Debug|Any CPU.ActiveCfg = Debug|Any CPU
		{0AE5D3DF-FC34-4F12-B5A7-721F6AF819BF}.Debug|Any CPU.Build.0 = Debug|Any CPU
		{0AE5D3DF-FC34-4F12-B5A7-721F6AF819BF}.Release|Any CPU.ActiveCfg = Release|Any CPU
		{0AE5D3DF-FC34-4F12-B5A7-721F6AF819BF}.Release|Any CPU.Build.0 = Release|Any CPU
		{A18FDB2D-4834-497D-A5A5-CD75CFF7BB4A}.Debug|Any CPU.ActiveCfg = Debug|Any CPU
		{A18FDB2D-4834-497D-A5A5-CD75CFF7BB4A}.Debug|Any CPU.Build.0 = Debug|Any CPU
		{A18FDB2D-4834-497D-A5A5-CD75CFF7BB4A}.Release|Any CPU.ActiveCfg = Release|Any CPU
		{A18FDB2D-4834-497D-A5A5-CD75CFF7BB4A}.Release|Any CPU.Build.0 = Release|Any CPU
	EndGlobalSection
	GlobalSection(SolutionProperties) = preSolution
		HideSolutionNode = FALSE
	EndGlobalSection
	GlobalSection(ExtensibilityGlobals) = postSolution
		SolutionGuid = {F71696DE-A050-4AEB-903A-8F60CFC56A5B}
	EndGlobalSection
EndGlobal
