
Microsoft Visual Studio Solution File, Format Version 12.00
# Visual Studio Version 17
VisualStudioVersion = 17.0.31912.275
MinimumVisualStudioVersion = 10.0.40219.1
Project("{9A19103F-16F7-4668-BE54-9A1E7A4F7556}") = "WpfSliderKleur", "WpfSliderKleur\WpfSliderKleur.csproj", "{31AFC568-9576-4E5F-BECB-D54CEA78FDC8}"
EndProject
Project("{9A19103F-16F7-4668-BE54-9A1E7A4F7556}") = "ConsoleRaden", "ConsoleRaden\ConsoleRaden.csproj", "{932F77F0-9712-45FA-9A09-F53392AF2BF9}"
EndProject
Project("{9A19103F-16F7-4668-BE54-9A1E7A4F7556}") = "WpfRaden", "WpfRaden\WpfRaden.csproj", "{04E2BCB2-427B-491B-9C5B-BA8DAED5860D}"
EndProject
Project("{9A19103F-16F7-4668-BE54-9A1E7A4F7556}") = "WpfBieden", "WpfBieden\WpfBieden.csproj", "{D89DCD14-24FC-4BC7-84B4-F4AB325F5901}"
EndProject
Project("{9A19103F-16F7-4668-BE54-9A1E7A4F7556}") = "WpfFormChecking", "WpfFormChecking\WpfFormChecking.csproj", "{58E47B72-7EAE-42F6-B207-DF095243EE67}"
EndProject
Project("{9A19103F-16F7-4668-BE54-9A1E7A4F7556}") = "ConsoleBestelling", "ConsoleBestelling\ConsoleBestelling.csproj", "{44E9674A-65BC-461D-A456-BD1C2C1B0D02}"
EndProject
Project("{9A19103F-16F7-4668-BE54-9A1E7A4F7556}") = "ConsoleEindcijfer", "ConsoleEindcijfer\ConsoleEindcijfer.csproj", "{23B780BC-61B6-4D8A-9C3F-50C832F4F704}"
EndProject
Global
	GlobalSection(SolutionConfigurationPlatforms) = preSolution
		Debug|Any CPU = Debug|Any CPU
		Release|Any CPU = Release|Any CPU
	EndGlobalSection
	GlobalSection(ProjectConfigurationPlatforms) = postSolution
		{31AFC568-9576-4E5F-BECB-D54CEA78FDC8}.Debug|Any CPU.ActiveCfg = Debug|Any CPU
		{31AFC568-9576-4E5F-BECB-D54CEA78FDC8}.Debug|Any CPU.Build.0 = Debug|Any CPU
		{31AFC568-9576-4E5F-BECB-D54CEA78FDC8}.Release|Any CPU.ActiveCfg = Release|Any CPU
		{31AFC568-9576-4E5F-BECB-D54CEA78FDC8}.Release|Any CPU.Build.0 = Release|Any CPU
		{932F77F0-9712-45FA-9A09-F53392AF2BF9}.Debug|Any CPU.ActiveCfg = Debug|Any CPU
		{932F77F0-9712-45FA-9A09-F53392AF2BF9}.Debug|Any CPU.Build.0 = Debug|Any CPU
		{932F77F0-9712-45FA-9A09-F53392AF2BF9}.Release|Any CPU.ActiveCfg = Release|Any CPU
		{932F77F0-9712-45FA-9A09-F53392AF2BF9}.Release|Any CPU.Build.0 = Release|Any CPU
		{04E2BCB2-427B-491B-9C5B-BA8DAED5860D}.Debug|Any CPU.ActiveCfg = Debug|Any CPU
		{04E2BCB2-427B-491B-9C5B-BA8DAED5860D}.Debug|Any CPU.Build.0 = Debug|Any CPU
		{04E2BCB2-427B-491B-9C5B-BA8DAED5860D}.Release|Any CPU.ActiveCfg = Release|Any CPU
		{04E2BCB2-427B-491B-9C5B-BA8DAED5860D}.Release|Any CPU.Build.0 = Release|Any CPU
		{D89DCD14-24FC-4BC7-84B4-F4AB325F5901}.Debug|Any CPU.ActiveCfg = Debug|Any CPU
		{D89DCD14-24FC-4BC7-84B4-F4AB325F5901}.Debug|Any CPU.Build.0 = Debug|Any CPU
		{D89DCD14-24FC-4BC7-84B4-F4AB325F5901}.Release|Any CPU.ActiveCfg = Release|Any CPU
		{D89DCD14-24FC-4BC7-84B4-F4AB325F5901}.Release|Any CPU.Build.0 = Release|Any CPU
		{58E47B72-7EAE-42F6-B207-DF095243EE67}.Debug|Any CPU.ActiveCfg = Debug|Any CPU
		{58E47B72-7EAE-42F6-B207-DF095243EE67}.Debug|Any CPU.Build.0 = Debug|Any CPU
		{58E47B72-7EAE-42F6-B207-DF095243EE67}.Release|Any CPU.ActiveCfg = Release|Any CPU
		{58E47B72-7EAE-42F6-B207-DF095243EE67}.Release|Any CPU.Build.0 = Release|Any CPU
		{44E9674A-65BC-461D-A456-BD1C2C1B0D02}.Debug|Any CPU.ActiveCfg = Debug|Any CPU
		{44E9674A-65BC-461D-A456-BD1C2C1B0D02}.Debug|Any CPU.Build.0 = Debug|Any CPU
		{44E9674A-65BC-461D-A456-BD1C2C1B0D02}.Release|Any CPU.ActiveCfg = Release|Any CPU
		{44E9674A-65BC-461D-A456-BD1C2C1B0D02}.Release|Any CPU.Build.0 = Release|Any CPU
		{23B780BC-61B6-4D8A-9C3F-50C832F4F704}.Debug|Any CPU.ActiveCfg = Debug|Any CPU
		{23B780BC-61B6-4D8A-9C3F-50C832F4F704}.Debug|Any CPU.Build.0 = Debug|Any CPU
		{23B780BC-61B6-4D8A-9C3F-50C832F4F704}.Release|Any CPU.ActiveCfg = Release|Any CPU
		{23B780BC-61B6-4D8A-9C3F-50C832F4F704}.Release|Any CPU.Build.0 = Release|Any CPU
	EndGlobalSection
	GlobalSection(SolutionProperties) = preSolution
		HideSolutionNode = FALSE
	EndGlobalSection
	GlobalSection(ExtensibilityGlobals) = postSolution
		SolutionGuid = {B5717BD5-A302-4C36-88CF-63B568FE7DAE}
	EndGlobalSection
EndGlobal
