
Microsoft Visual Studio Solution File, Format Version 12.00
# Visual Studio Version 17
VisualStudioVersion = 17.0.31912.275
MinimumVisualStudioVersion = 10.0.40219.1
Project("{FAE04EC0-301F-11D3-BF4B-00C04F79EFBC}") = "WpfApp3", "WpfApp3\WpfApp3.csproj", "{C831491C-1318-4607-AD5D-0122C9CC118D}"
EndProject
Global
	GlobalSection(SolutionConfigurationPlatforms) = preSolution
		Debug|Any CPU = Debug|Any CPU
		Release|Any CPU = Release|Any CPU
	EndGlobalSection
	GlobalSection(ProjectConfigurationPlatforms) = postSolution
		{C831491C-1318-4607-AD5D-0122C9CC118D}.Debug|Any CPU.ActiveCfg = Debug|Any CPU
		{C831491C-1318-4607-AD5D-0122C9CC118D}.Debug|Any CPU.Build.0 = Debug|Any CPU
		{C831491C-1318-4607-AD5D-0122C9CC118D}.Release|Any CPU.ActiveCfg = Release|Any CPU
		{C831491C-1318-4607-AD5D-0122C9CC118D}.Release|Any CPU.Build.0 = Release|Any CPU
	EndGlobalSection
	GlobalSection(SolutionProperties) = preSolution
		HideSolutionNode = FALSE
	EndGlobalSection
	GlobalSection(ExtensibilityGlobals) = postSolution
		SolutionGuid = {46528CBA-6B74-4907-B0B2-0C06D1FB6BE0}
	EndGlobalSection
EndGlobal
